
Microsoft Visual Studio Solution File, Format Version 12.00
# Visual Studio Version 17
VisualStudioVersion = 17.14.36221.1 d17.14
MinimumVisualStudioVersion = 10.0.40219.1
Project("{FAE04EC0-301F-11D3-BF4B-00C04F79EFBC}") = "ERP", "ERP\ERP.csproj", "{D4C323D2-DF38-45BD-B3EE-0CF9D8106C3B}"
EndProject
Global
	GlobalSection(SolutionConfigurationPlatforms) = preSolution
		Debug|Any CPU = Debug|Any CPU
		Release|Any CPU = Release|Any CPU
	EndGlobalSection
	GlobalSection(ProjectConfigurationPlatforms) = postSolution
		{D4C323D2-DF38-45BD-B3EE-0CF9D8106C3B}.Debug|Any CPU.ActiveCfg = Debug|Any CPU
		{D4C323D2-DF38-45BD-B3EE-0CF9D8106C3B}.Debug|Any CPU.Build.0 = Debug|Any CPU
		{D4C323D2-DF38-45BD-B3EE-0CF9D8106C3B}.Release|Any CPU.ActiveCfg = Release|Any CPU
		{D4C323D2-DF38-45BD-B3EE-0CF9D8106C3B}.Release|Any CPU.Build.0 = Release|Any CPU
	EndGlobalSection
	GlobalSection(SolutionProperties) = preSolution
		HideSolutionNode = FALSE
	EndGlobalSection
	GlobalSection(ExtensibilityGlobals) = postSolution
		SolutionGuid = {4E04AA2B-F494-4FB1-962A-767A7C059A47}
	EndGlobalSection
EndGlobal
